
Microsoft Visual Studio Solution File, Format Version 12.00
# Visual Studio 15
VisualStudioVersion = 15.0.28307.329
MinimumVisualStudioVersion = 10.0.40219.1
Project("{FAE04EC0-301F-11D3-BF4B-00C04F79EFBC}") = "SPAHostEComWebApp", "..\..\source\repos\ModernSolution\SPAHostEComWebApp\SPAHostEComWebApp.csproj", "{C187465A-A7C0-4823-8618-C380EDC8269B}"
EndProject
Global
	GlobalSection(SolutionConfigurationPlatforms) = preSolution
		Debug|Any CPU = Debug|Any CPU
		Release|Any CPU = Release|Any CPU
	EndGlobalSection
	GlobalSection(ProjectConfigurationPlatforms) = postSolution
		{C187465A-A7C0-4823-8618-C380EDC8269B}.Debug|Any CPU.ActiveCfg = Debug|Any CPU
		{C187465A-A7C0-4823-8618-C380EDC8269B}.Debug|Any CPU.Build.0 = Debug|Any CPU
		{C187465A-A7C0-4823-8618-C380EDC8269B}.Release|Any CPU.ActiveCfg = Release|Any CPU
		{C187465A-A7C0-4823-8618-C380EDC8269B}.Release|Any CPU.Build.0 = Release|Any CPU
	EndGlobalSection
	GlobalSection(SolutionProperties) = preSolution
		HideSolutionNode = FALSE
	EndGlobalSection
	GlobalSection(ExtensibilityGlobals) = postSolution
		SolutionGuid = {C66E58AA-05A6-47F0-9049-812D6DCA1464}
	EndGlobalSection
EndGlobal
